// !$*UTF8*$!
{
	archiveVersion = 1;
	classes = {
	};
	objectVersion = 56;
	objects = {

/* Begin PBXBuildFile section */
		7BA6C37A2BC13D9900D36B0F /* AppInfoView.swift in Sources */ = {isa = PBXBuildFile; fileRef = 7BA6C3792BC13D9900D36B0F /* AppInfoView.swift */; };
		7BA6C37C2BC143B700D36B0F /* AppDetailViewController.swift in Sources */ = {isa = PBXBuildFile; fileRef = 7BA6C37B2BC143B700D36B0F /* AppDetailViewController.swift */; };
		7BA6C37E2BC1443E00D36B0F /* AppDetailView.swift in Sources */ = {isa = PBXBuildFile; fileRef = 7BA6C37D2BC1443E00D36B0F /* AppDetailView.swift */; };
		7BA6C3802BC14B0400D36B0F /* AppDetailViewModel.swift in Sources */ = {isa = PBXBuildFile; fileRef = 7BA6C37F2BC14B0400D36B0F /* AppDetailViewModel.swift */; };
		7BA6C3822BC1671A00D36B0F /* AppInfoViewModel.swift in Sources */ = {isa = PBXBuildFile; fileRef = 7BA6C3812BC1671A00D36B0F /* AppInfoViewModel.swift */; };
		7BBC32672BC0FE3600646210 /* SearchTableCellViewModel.swift in Sources */ = {isa = PBXBuildFile; fileRef = 7BBC32662BC0FE3600646210 /* SearchTableCellViewModel.swift */; };
		7BDAF3802BC0111D002676A0 /* AppDelegate.swift in Sources */ = {isa = PBXBuildFile; fileRef = 7BDAF37F2BC0111D002676A0 /* AppDelegate.swift */; };
		7BDAF3822BC0111D002676A0 /* SceneDelegate.swift in Sources */ = {isa = PBXBuildFile; fileRef = 7BDAF3812BC0111D002676A0 /* SceneDelegate.swift */; };
		7BDAF3892BC0111E002676A0 /* Assets.xcassets in Resources */ = {isa = PBXBuildFile; fileRef = 7BDAF3882BC0111E002676A0 /* Assets.xcassets */; };
		7BDAF38C2BC0111E002676A0 /* Base in Resources */ = {isa = PBXBuildFile; fileRef = 7BDAF38B2BC0111E002676A0 /* Base */; };
		7BDAF3982BC01263002676A0 /* SearchViewController.swift in Sources */ = {isa = PBXBuildFile; fileRef = 7BDAF3972BC01263002676A0 /* SearchViewController.swift */; };
		7BDAF39B2BC0131F002676A0 /* IturesModel.swift in Sources */ = {isa = PBXBuildFile; fileRef = 7BDAF39A2BC0131F002676A0 /* IturesModel.swift */; };
		7BDAF39E2BC015A0002676A0 /* RxCocoa in Frameworks */ = {isa = PBXBuildFile; productRef = 7BDAF39D2BC015A0002676A0 /* RxCocoa */; };
		7BDAF3A02BC015A0002676A0 /* RxRelay in Frameworks */ = {isa = PBXBuildFile; productRef = 7BDAF39F2BC015A0002676A0 /* RxRelay */; };
		7BDAF3A22BC015A0002676A0 /* RxSwift in Frameworks */ = {isa = PBXBuildFile; productRef = 7BDAF3A12BC015A0002676A0 /* RxSwift */; };
		7BDAF3A52BC015B6002676A0 /* Alamofire in Frameworks */ = {isa = PBXBuildFile; productRef = 7BDAF3A42BC015B6002676A0 /* Alamofire */; };
		7BDAF3A82BC015C2002676A0 /* SnapKit in Frameworks */ = {isa = PBXBuildFile; productRef = 7BDAF3A72BC015C2002676A0 /* SnapKit */; };
		7BDAF3AB2BC015D2002676A0 /* Then in Frameworks */ = {isa = PBXBuildFile; productRef = 7BDAF3AA2BC015D2002676A0 /* Then */; };
		7BDAF3AE2BC015DE002676A0 /* Kingfisher in Frameworks */ = {isa = PBXBuildFile; productRef = 7BDAF3AD2BC015DE002676A0 /* Kingfisher */; };
		7BDAF3B02BC01677002676A0 /* ITunesRouter.swift in Sources */ = {isa = PBXBuildFile; fileRef = 7BDAF3AF2BC01677002676A0 /* ITunesRouter.swift */; };
		7BDAF3B32BC04A1F002676A0 /* UrlRequestAssistance.swift in Sources */ = {isa = PBXBuildFile; fileRef = 7BDAF3B22BC04A1F002676A0 /* UrlRequestAssistance.swift */; };
		7BDAF3B92BC050A9002676A0 /* SearchBaseView.swift in Sources */ = {isa = PBXBuildFile; fileRef = 7BDAF3B82BC050A9002676A0 /* SearchBaseView.swift */; };
		7BDAF3BC2BC050D3002676A0 /* BaseView.swift in Sources */ = {isa = PBXBuildFile; fileRef = 7BDAF3BB2BC050D3002676A0 /* BaseView.swift */; };
		7BDAF3C02BC053D9002676A0 /* BaseViewController.swift in Sources */ = {isa = PBXBuildFile; fileRef = 7BDAF3BF2BC053D9002676A0 /* BaseViewController.swift */; };
		7BDAF3C22BC055C0002676A0 /* SearchHomeView.swift in Sources */ = {isa = PBXBuildFile; fileRef = 7BDAF3C12BC055C0002676A0 /* SearchHomeView.swift */; };
		7BDAF3C62BC05D5C002676A0 /* SearchControllerViewController.swift in Sources */ = {isa = PBXBuildFile; fileRef = 7BDAF3C52BC05D5C002676A0 /* SearchControllerViewController.swift */; };
		7BDAF3C92BC06045002676A0 /* Extention.swift in Sources */ = {isa = PBXBuildFile; fileRef = 7BDAF3C82BC06045002676A0 /* Extention.swift */; };
		7BDAF3CB2BC060CB002676A0 /* SearchAppInfoCollectionViewCell.swift in Sources */ = {isa = PBXBuildFile; fileRef = 7BDAF3CA2BC060CB002676A0 /* SearchAppInfoCollectionViewCell.swift */; };
		7BDAF3CE2BC06274002676A0 /* LayoutProtocol.swift in Sources */ = {isa = PBXBuildFile; fileRef = 7BDAF3CD2BC06274002676A0 /* LayoutProtocol.swift */; };
		7BDAF3D02BC06575002676A0 /* SearchControllerViewModel.swift in Sources */ = {isa = PBXBuildFile; fileRef = 7BDAF3CF2BC06575002676A0 /* SearchControllerViewModel.swift */; };
		7BDAF3D22BC06595002676A0 /* ViewModelType.swift in Sources */ = {isa = PBXBuildFile; fileRef = 7BDAF3D12BC06595002676A0 /* ViewModelType.swift */; };
		7BDAF3D62BC07078002676A0 /* AppInfoCellModel.swift in Sources */ = {isa = PBXBuildFile; fileRef = 7BDAF3D52BC07078002676A0 /* AppInfoCellModel.swift */; };
		7BDAF3D82BC07259002676A0 /* NumberAssistance.swift in Sources */ = {isa = PBXBuildFile; fileRef = 7BDAF3D72BC07259002676A0 /* NumberAssistance.swift */; };
		7BDAF3DB2BC076EC002676A0 /* SearchAppInfoTableCell.swift in Sources */ = {isa = PBXBuildFile; fileRef = 7BDAF3DA2BC076EC002676A0 /* SearchAppInfoTableCell.swift */; };
		7BDAF3DD2BC0780A002676A0 /* SearchResultsViewModel.swift in Sources */ = {isa = PBXBuildFile; fileRef = 7BDAF3DC2BC0780A002676A0 /* SearchResultsViewModel.swift */; };
/* End PBXBuildFile section */

/* Begin PBXFileReference section */
		7BA6C3792BC13D9900D36B0F /* AppInfoView.swift */ = {isa = PBXFileReference; lastKnownFileType = sourcecode.swift; path = AppInfoView.swift; sourceTree = "<group>"; };
		7BA6C37B2BC143B700D36B0F /* AppDetailViewController.swift */ = {isa = PBXFileReference; lastKnownFileType = sourcecode.swift; path = AppDetailViewController.swift; sourceTree = "<group>"; };
		7BA6C37D2BC1443E00D36B0F /* AppDetailView.swift */ = {isa = PBXFileReference; lastKnownFileType = sourcecode.swift; path = AppDetailView.swift; sourceTree = "<group>"; };
		7BA6C37F2BC14B0400D36B0F /* AppDetailViewModel.swift */ = {isa = PBXFileReference; lastKnownFileType = sourcecode.swift; path = AppDetailViewModel.swift; sourceTree = "<group>"; };
		7BA6C3812BC1671A00D36B0F /* AppInfoViewModel.swift */ = {isa = PBXFileReference; lastKnownFileType = sourcecode.swift; path = AppInfoViewModel.swift; sourceTree = "<group>"; };
		7BBC32662BC0FE3600646210 /* SearchTableCellViewModel.swift */ = {isa = PBXFileReference; lastKnownFileType = sourcecode.swift; path = SearchTableCellViewModel.swift; sourceTree = "<group>"; };
		7BDAF37C2BC0111D002676A0 /* ITunesApp.app */ = {isa = PBXFileReference; explicitFileType = wrapper.application; includeInIndex = 0; path = ITunesApp.app; sourceTree = BUILT_PRODUCTS_DIR; };
		7BDAF37F2BC0111D002676A0 /* AppDelegate.swift */ = {isa = PBXFileReference; lastKnownFileType = sourcecode.swift; path = AppDelegate.swift; sourceTree = "<group>"; };
		7BDAF3812BC0111D002676A0 /* SceneDelegate.swift */ = {isa = PBXFileReference; lastKnownFileType = sourcecode.swift; path = SceneDelegate.swift; sourceTree = "<group>"; };
		7BDAF3882BC0111E002676A0 /* Assets.xcassets */ = {isa = PBXFileReference; lastKnownFileType = folder.assetcatalog; path = Assets.xcassets; sourceTree = "<group>"; };
		7BDAF38B2BC0111E002676A0 /* Base */ = {isa = PBXFileReference; lastKnownFileType = file.storyboard; name = Base; path = Base.lproj/LaunchScreen.storyboard; sourceTree = "<group>"; };
		7BDAF38D2BC0111E002676A0 /* Info.plist */ = {isa = PBXFileReference; lastKnownFileType = text.plist.xml; path = Info.plist; sourceTree = "<group>"; };
		7BDAF3972BC01263002676A0 /* SearchViewController.swift */ = {isa = PBXFileReference; lastKnownFileType = sourcecode.swift; path = SearchViewController.swift; sourceTree = "<group>"; };
		7BDAF39A2BC0131F002676A0 /* IturesModel.swift */ = {isa = PBXFileReference; lastKnownFileType = sourcecode.swift; path = IturesModel.swift; sourceTree = "<group>"; };
		7BDAF3AF2BC01677002676A0 /* ITunesRouter.swift */ = {isa = PBXFileReference; lastKnownFileType = sourcecode.swift; path = ITunesRouter.swift; sourceTree = "<group>"; };
		7BDAF3B22BC04A1F002676A0 /* UrlRequestAssistance.swift */ = {isa = PBXFileReference; lastKnownFileType = sourcecode.swift; path = UrlRequestAssistance.swift; sourceTree = "<group>"; };
		7BDAF3B82BC050A9002676A0 /* SearchBaseView.swift */ = {isa = PBXFileReference; lastKnownFileType = sourcecode.swift; path = SearchBaseView.swift; sourceTree = "<group>"; };
		7BDAF3BB2BC050D3002676A0 /* BaseView.swift */ = {isa = PBXFileReference; lastKnownFileType = sourcecode.swift; path = BaseView.swift; sourceTree = "<group>"; };
		7BDAF3BF2BC053D9002676A0 /* BaseViewController.swift */ = {isa = PBXFileReference; lastKnownFileType = sourcecode.swift; path = BaseViewController.swift; sourceTree = "<group>"; };
		7BDAF3C12BC055C0002676A0 /* SearchHomeView.swift */ = {isa = PBXFileReference; lastKnownFileType = sourcecode.swift; path = SearchHomeView.swift; sourceTree = "<group>"; };
		7BDAF3C52BC05D5C002676A0 /* SearchControllerViewController.swift */ = {isa = PBXFileReference; lastKnownFileType = sourcecode.swift; path = SearchControllerViewController.swift; sourceTree = "<group>"; };
		7BDAF3C82BC06045002676A0 /* Extention.swift */ = {isa = PBXFileReference; lastKnownFileType = sourcecode.swift; path = Extention.swift; sourceTree = "<group>"; };
		7BDAF3CA2BC060CB002676A0 /* SearchAppInfoCollectionViewCell.swift */ = {isa = PBXFileReference; lastKnownFileType = sourcecode.swift; path = SearchAppInfoCollectionViewCell.swift; sourceTree = "<group>"; };
		7BDAF3CD2BC06274002676A0 /* LayoutProtocol.swift */ = {isa = PBXFileReference; lastKnownFileType = sourcecode.swift; path = LayoutProtocol.swift; sourceTree = "<group>"; };
		7BDAF3CF2BC06575002676A0 /* SearchControllerViewModel.swift */ = {isa = PBXFileReference; lastKnownFileType = sourcecode.swift; path = SearchControllerViewModel.swift; sourceTree = "<group>"; };
		7BDAF3D12BC06595002676A0 /* ViewModelType.swift */ = {isa = PBXFileReference; lastKnownFileType = sourcecode.swift; path = ViewModelType.swift; sourceTree = "<group>"; };
		7BDAF3D52BC07078002676A0 /* AppInfoCellModel.swift */ = {isa = PBXFileReference; lastKnownFileType = sourcecode.swift; path = AppInfoCellModel.swift; sourceTree = "<group>"; };
		7BDAF3D72BC07259002676A0 /* NumberAssistance.swift */ = {isa = PBXFileReference; lastKnownFileType = sourcecode.swift; path = NumberAssistance.swift; sourceTree = "<group>"; };
		7BDAF3DA2BC076EC002676A0 /* SearchAppInfoTableCell.swift */ = {isa = PBXFileReference; lastKnownFileType = sourcecode.swift; path = SearchAppInfoTableCell.swift; sourceTree = "<group>"; };
		7BDAF3DC2BC0780A002676A0 /* SearchResultsViewModel.swift */ = {isa = PBXFileReference; lastKnownFileType = sourcecode.swift; path = SearchResultsViewModel.swift; sourceTree = "<group>"; };
/* End PBXFileReference section */

/* Begin PBXFrameworksBuildPhase section */
		7BDAF3792BC0111D002676A0 /* Frameworks */ = {
			isa = PBXFrameworksBuildPhase;
			buildActionMask = 2147483647;
			files = (
				7BDAF3A22BC015A0002676A0 /* RxSwift in Frameworks */,
				7BDAF3AB2BC015D2002676A0 /* Then in Frameworks */,
				7BDAF3AE2BC015DE002676A0 /* Kingfisher in Frameworks */,
				7BDAF3A52BC015B6002676A0 /* Alamofire in Frameworks */,
				7BDAF3A02BC015A0002676A0 /* RxRelay in Frameworks */,
				7BDAF39E2BC015A0002676A0 /* RxCocoa in Frameworks */,
				7BDAF3A82BC015C2002676A0 /* SnapKit in Frameworks */,
			);
			runOnlyForDeploymentPostprocessing = 0;
		};
/* End PBXFrameworksBuildPhase section */

/* Begin PBXGroup section */
		7BA6C3782BC13D8D00D36B0F /* AppInfo */ = {
			isa = PBXGroup;
			children = (
				7BA6C3792BC13D9900D36B0F /* AppInfoView.swift */,
			);
			path = AppInfo;
			sourceTree = "<group>";
		};
		7BDAF3732BC0111D002676A0 = {
			isa = PBXGroup;
			children = (
				7BDAF3C82BC06045002676A0 /* Extention.swift */,
				7BDAF37E2BC0111D002676A0 /* ITunesApp */,
				7BDAF37D2BC0111D002676A0 /* Products */,
			);
			sourceTree = "<group>";
		};
		7BDAF37D2BC0111D002676A0 /* Products */ = {
			isa = PBXGroup;
			children = (
				7BDAF37C2BC0111D002676A0 /* ITunesApp.app */,
			);
			name = Products;
			sourceTree = "<group>";
		};
		7BDAF37E2BC0111D002676A0 /* ITunesApp */ = {
			isa = PBXGroup;
			children = (
				7BDAF3CC2BC06265002676A0 /* Protocol */,
				7BDAF3B12BC04A01002676A0 /* Assistance */,
				7BDAF3992BC01316002676A0 /* Model */,
				7BDAF3962BC0122D002676A0 /* Network */,
				7BDAF3952BC01224002676A0 /* View */,
				7BDAF3942BC0121A002676A0 /* ViewModel */,
				7BDAF3932BC01211002676A0 /* ViewController */,
				7BDAF37F2BC0111D002676A0 /* AppDelegate.swift */,
				7BDAF3812BC0111D002676A0 /* SceneDelegate.swift */,
				7BDAF3882BC0111E002676A0 /* Assets.xcassets */,
				7BDAF38A2BC0111E002676A0 /* LaunchScreen.storyboard */,
				7BDAF38D2BC0111E002676A0 /* Info.plist */,
			);
			path = ITunesApp;
			sourceTree = "<group>";
		};
		7BDAF3932BC01211002676A0 /* ViewController */ = {
			isa = PBXGroup;
			children = (
				7BDAF3B42BC0505F002676A0 /* Base */,
				7BDAF3972BC01263002676A0 /* SearchViewController.swift */,
				7BDAF3C52BC05D5C002676A0 /* SearchControllerViewController.swift */,
				7BA6C37B2BC143B700D36B0F /* AppDetailViewController.swift */,
			);
			path = ViewController;
			sourceTree = "<group>";
		};
		7BDAF3942BC0121A002676A0 /* ViewModel */ = {
			isa = PBXGroup;
			children = (
				7BDAF3CF2BC06575002676A0 /* SearchControllerViewModel.swift */,
				7BDAF3DC2BC0780A002676A0 /* SearchResultsViewModel.swift */,
				7BBC32662BC0FE3600646210 /* SearchTableCellViewModel.swift */,
				7BA6C37F2BC14B0400D36B0F /* AppDetailViewModel.swift */,
				7BA6C3812BC1671A00D36B0F /* AppInfoViewModel.swift */,
			);
			path = ViewModel;
			sourceTree = "<group>";
		};
		7BDAF3952BC01224002676A0 /* View */ = {
			isa = PBXGroup;
			children = (
				7BA6C3782BC13D8D00D36B0F /* AppInfo */,
				7BDAF3D92BC076CD002676A0 /* TableViewCell */,
				7BDAF3C72BC05FBC002676A0 /* CollectionViewCell */,
				7BDAF3BA2BC050CA002676A0 /* Base */,
				7BDAF3B72BC05083002676A0 /* BaseHome */,
			);
			path = View;
			sourceTree = "<group>";
		};
		7BDAF3962BC0122D002676A0 /* Network */ = {
			isa = PBXGroup;
			children = (
				7BDAF3AF2BC01677002676A0 /* ITunesRouter.swift */,
			);
			path = Network;
			sourceTree = "<group>";
		};
		7BDAF3992BC01316002676A0 /* Model */ = {
			isa = PBXGroup;
			children = (
				7BDAF39A2BC0131F002676A0 /* IturesModel.swift */,
				7BDAF3D52BC07078002676A0 /* AppInfoCellModel.swift */,
			);
			path = Model;
			sourceTree = "<group>";
		};
		7BDAF3B12BC04A01002676A0 /* Assistance */ = {
			isa = PBXGroup;
			children = (
				7BDAF3B22BC04A1F002676A0 /* UrlRequestAssistance.swift */,
				7BDAF3D72BC07259002676A0 /* NumberAssistance.swift */,
			);
			path = Assistance;
			sourceTree = "<group>";
		};
		7BDAF3B42BC0505F002676A0 /* Base */ = {
			isa = PBXGroup;
			children = (
				7BDAF3BF2BC053D9002676A0 /* BaseViewController.swift */,
			);
			path = Base;
			sourceTree = "<group>";
		};
		7BDAF3B72BC05083002676A0 /* BaseHome */ = {
			isa = PBXGroup;
			children = (
				7BDAF3C12BC055C0002676A0 /* SearchHomeView.swift */,
				7BA6C37D2BC1443E00D36B0F /* AppDetailView.swift */,
			);
			path = BaseHome;
			sourceTree = "<group>";
		};
		7BDAF3BA2BC050CA002676A0 /* Base */ = {
			isa = PBXGroup;
			children = (
				7BDAF3BB2BC050D3002676A0 /* BaseView.swift */,
				7BDAF3B82BC050A9002676A0 /* SearchBaseView.swift */,
			);
			path = Base;
			sourceTree = "<group>";
		};
		7BDAF3C72BC05FBC002676A0 /* CollectionViewCell */ = {
			isa = PBXGroup;
			children = (
				7BDAF3CA2BC060CB002676A0 /* SearchAppInfoCollectionViewCell.swift */,
			);
			path = CollectionViewCell;
			sourceTree = "<group>";
		};
		7BDAF3CC2BC06265002676A0 /* Protocol */ = {
			isa = PBXGroup;
			children = (
				7BDAF3CD2BC06274002676A0 /* LayoutProtocol.swift */,
				7BDAF3D12BC06595002676A0 /* ViewModelType.swift */,
			);
			path = Protocol;
			sourceTree = "<group>";
		};
		7BDAF3D92BC076CD002676A0 /* TableViewCell */ = {
			isa = PBXGroup;
			children = (
				7BDAF3DA2BC076EC002676A0 /* SearchAppInfoTableCell.swift */,
			);
			path = TableViewCell;
			sourceTree = "<group>";
		};
/* End PBXGroup section */

/* Begin PBXNativeTarget section */
		7BDAF37B2BC0111D002676A0 /* ITunesApp */ = {
			isa = PBXNativeTarget;
			buildConfigurationList = 7BDAF3902BC0111E002676A0 /* Build configuration list for PBXNativeTarget "ITunesApp" */;
			buildPhases = (
				7BDAF3782BC0111D002676A0 /* Sources */,
				7BDAF3792BC0111D002676A0 /* Frameworks */,
				7BDAF37A2BC0111D002676A0 /* Resources */,
			);
			buildRules = (
			);
			dependencies = (
			);
			name = ITunesApp;
			packageProductDependencies = (
				7BDAF39D2BC015A0002676A0 /* RxCocoa */,
				7BDAF39F2BC015A0002676A0 /* RxRelay */,
				7BDAF3A12BC015A0002676A0 /* RxSwift */,
				7BDAF3A42BC015B6002676A0 /* Alamofire */,
				7BDAF3A72BC015C2002676A0 /* SnapKit */,
				7BDAF3AA2BC015D2002676A0 /* Then */,
				7BDAF3AD2BC015DE002676A0 /* Kingfisher */,
			);
			productName = ITunesApp;
			productReference = 7BDAF37C2BC0111D002676A0 /* ITunesApp.app */;
			productType = "com.apple.product-type.application";
		};
/* End PBXNativeTarget section */

/* Begin PBXProject section */
		7BDAF3742BC0111D002676A0 /* Project object */ = {
			isa = PBXProject;
			attributes = {
				BuildIndependentTargetsInParallel = 1;
				LastSwiftUpdateCheck = 1530;
				LastUpgradeCheck = 1530;
				TargetAttributes = {
					7BDAF37B2BC0111D002676A0 = {
						CreatedOnToolsVersion = 15.3;
					};
				};
			};
			buildConfigurationList = 7BDAF3772BC0111D002676A0 /* Build configuration list for PBXProject "ITunesApp" */;
			compatibilityVersion = "Xcode 14.0";
			developmentRegion = en;
			hasScannedForEncodings = 0;
			knownRegions = (
				en,
				Base,
			);
			mainGroup = 7BDAF3732BC0111D002676A0;
			packageReferences = (
				7BDAF39C2BC015A0002676A0 /* XCRemoteSwiftPackageReference "RxSwift" */,
				7BDAF3A32BC015B6002676A0 /* XCRemoteSwiftPackageReference "Alamofire" */,
				7BDAF3A62BC015C2002676A0 /* XCRemoteSwiftPackageReference "SnapKit" */,
				7BDAF3A92BC015D2002676A0 /* XCRemoteSwiftPackageReference "Then" */,
				7BDAF3AC2BC015DE002676A0 /* XCRemoteSwiftPackageReference "Kingfisher" */,
			);
			productRefGroup = 7BDAF37D2BC0111D002676A0 /* Products */;
			projectDirPath = "";
			projectRoot = "";
			targets = (
				7BDAF37B2BC0111D002676A0 /* ITunesApp */,
			);
		};
/* End PBXProject section */

/* Begin PBXResourcesBuildPhase section */
		7BDAF37A2BC0111D002676A0 /* Resources */ = {
			isa = PBXResourcesBuildPhase;
			buildActionMask = 2147483647;
			files = (
				7BDAF3892BC0111E002676A0 /* Assets.xcassets in Resources */,
				7BDAF38C2BC0111E002676A0 /* Base in Resources */,
			);
			runOnlyForDeploymentPostprocessing = 0;
		};
/* End PBXResourcesBuildPhase section */

/* Begin PBXSourcesBuildPhase section */
		7BDAF3782BC0111D002676A0 /* Sources */ = {
			isa = PBXSourcesBuildPhase;
			buildActionMask = 2147483647;
			files = (
				7BDAF3D82BC07259002676A0 /* NumberAssistance.swift in Sources */,
				7BDAF3DB2BC076EC002676A0 /* SearchAppInfoTableCell.swift in Sources */,
				7BA6C37A2BC13D9900D36B0F /* AppInfoView.swift in Sources */,
				7BDAF3D62BC07078002676A0 /* AppInfoCellModel.swift in Sources */,
				7BDAF3982BC01263002676A0 /* SearchViewController.swift in Sources */,
				7BDAF3CE2BC06274002676A0 /* LayoutProtocol.swift in Sources */,
				7BDAF3B32BC04A1F002676A0 /* UrlRequestAssistance.swift in Sources */,
				7BDAF3CB2BC060CB002676A0 /* SearchAppInfoCollectionViewCell.swift in Sources */,
				7BDAF3B02BC01677002676A0 /* ITunesRouter.swift in Sources */,
				7BDAF3B92BC050A9002676A0 /* SearchBaseView.swift in Sources */,
				7BA6C3822BC1671A00D36B0F /* AppInfoViewModel.swift in Sources */,
				7BDAF3C92BC06045002676A0 /* Extention.swift in Sources */,
				7BA6C37C2BC143B700D36B0F /* AppDetailViewController.swift in Sources */,
				7BDAF3D02BC06575002676A0 /* SearchControllerViewModel.swift in Sources */,
				7BA6C37E2BC1443E00D36B0F /* AppDetailView.swift in Sources */,
				7BDAF39B2BC0131F002676A0 /* IturesModel.swift in Sources */,
				7BDAF3C02BC053D9002676A0 /* BaseViewController.swift in Sources */,
				7BDAF3802BC0111D002676A0 /* AppDelegate.swift in Sources */,
				7BBC32672BC0FE3600646210 /* SearchTableCellViewModel.swift in Sources */,
				7BDAF3D22BC06595002676A0 /* ViewModelType.swift in Sources */,
				7BDAF3C22BC055C0002676A0 /* SearchHomeView.swift in Sources */,
				7BDAF3C62BC05D5C002676A0 /* SearchControllerViewController.swift in Sources */,
				7BA6C3802BC14B0400D36B0F /* AppDetailViewModel.swift in Sources */,
				7BDAF3BC2BC050D3002676A0 /* BaseView.swift in Sources */,
				7BDAF3822BC0111D002676A0 /* SceneDelegate.swift in Sources */,
				7BDAF3DD2BC0780A002676A0 /* SearchResultsViewModel.swift in Sources */,
			);
			runOnlyForDeploymentPostprocessing = 0;
		};
/* End PBXSourcesBuildPhase section */

/* Begin PBXVariantGroup section */
		7BDAF38A2BC0111E002676A0 /* LaunchScreen.storyboard */ = {
			isa = PBXVariantGroup;
			children = (
				7BDAF38B2BC0111E002676A0 /* Base */,
			);
			name = LaunchScreen.storyboard;
			sourceTree = "<group>";
		};
/* End PBXVariantGroup section */

/* Begin XCBuildConfiguration section */
		7BDAF38E2BC0111E002676A0 /* Debug */ = {
			isa = XCBuildConfiguration;
			buildSettings = {
				ALWAYS_SEARCH_USER_PATHS = NO;
				ASSETCATALOG_COMPILER_GENERATE_SWIFT_ASSET_SYMBOL_EXTENSIONS = YES;
				CLANG_ANALYZER_NONNULL = YES;
				CLANG_ANALYZER_NUMBER_OBJECT_CONVERSION = YES_AGGRESSIVE;
				CLANG_CXX_LANGUAGE_STANDARD = "gnu++20";
				CLANG_ENABLE_MODULES = YES;
				CLANG_ENABLE_OBJC_ARC = YES;
				CLANG_ENABLE_OBJC_WEAK = YES;
				CLANG_WARN_BLOCK_CAPTURE_AUTORELEASING = YES;
				CLANG_WARN_BOOL_CONVERSION = YES;
				CLANG_WARN_COMMA = YES;
				CLANG_WARN_CONSTANT_CONVERSION = YES;
				CLANG_WARN_DEPRECATED_OBJC_IMPLEMENTATIONS = YES;
				CLANG_WARN_DIRECT_OBJC_ISA_USAGE = YES_ERROR;
				CLANG_WARN_DOCUMENTATION_COMMENTS = YES;
				CLANG_WARN_EMPTY_BODY = YES;
				CLANG_WARN_ENUM_CONVERSION = YES;
				CLANG_WARN_INFINITE_RECURSION = YES;
				CLANG_WARN_INT_CONVERSION = YES;
				CLANG_WARN_NON_LITERAL_NULL_CONVERSION = YES;
				CLANG_WARN_OBJC_IMPLICIT_RETAIN_SELF = YES;
				CLANG_WARN_OBJC_LITERAL_CONVERSION = YES;
				CLANG_WARN_OBJC_ROOT_CLASS = YES_ERROR;
				CLANG_WARN_QUOTED_INCLUDE_IN_FRAMEWORK_HEADER = YES;
				CLANG_WARN_RANGE_LOOP_ANALYSIS = YES;
				CLANG_WARN_STRICT_PROTOTYPES = YES;
				CLANG_WARN_SUSPICIOUS_MOVE = YES;
				CLANG_WARN_UNGUARDED_AVAILABILITY = YES_AGGRESSIVE;
				CLANG_WARN_UNREACHABLE_CODE = YES;
				CLANG_WARN__DUPLICATE_METHOD_MATCH = YES;
				COPY_PHASE_STRIP = NO;
				DEBUG_INFORMATION_FORMAT = dwarf;
				ENABLE_STRICT_OBJC_MSGSEND = YES;
				ENABLE_TESTABILITY = YES;
				ENABLE_USER_SCRIPT_SANDBOXING = YES;
				GCC_C_LANGUAGE_STANDARD = gnu17;
				GCC_DYNAMIC_NO_PIC = NO;
				GCC_NO_COMMON_BLOCKS = YES;
				GCC_OPTIMIZATION_LEVEL = 0;
				GCC_PREPROCESSOR_DEFINITIONS = (
					"DEBUG=1",
					"$(inherited)",
				);
				GCC_WARN_64_TO_32_BIT_CONVERSION = YES;
				GCC_WARN_ABOUT_RETURN_TYPE = YES_ERROR;
				GCC_WARN_UNDECLARED_SELECTOR = YES;
				GCC_WARN_UNINITIALIZED_AUTOS = YES_AGGRESSIVE;
				GCC_WARN_UNUSED_FUNCTION = YES;
				GCC_WARN_UNUSED_VARIABLE = YES;
				IPHONEOS_DEPLOYMENT_TARGET = 17.4;
				LOCALIZATION_PREFERS_STRING_CATALOGS = YES;
				MTL_ENABLE_DEBUG_INFO = INCLUDE_SOURCE;
				MTL_FAST_MATH = YES;
				ONLY_ACTIVE_ARCH = YES;
				SDKROOT = iphoneos;
				SWIFT_ACTIVE_COMPILATION_CONDITIONS = "DEBUG $(inherited)";
				SWIFT_OPTIMIZATION_LEVEL = "-Onone";
			};
			name = Debug;
		};
		7BDAF38F2BC0111E002676A0 /* Release */ = {
			isa = XCBuildConfiguration;
			buildSettings = {
				ALWAYS_SEARCH_USER_PATHS = NO;
				ASSETCATALOG_COMPILER_GENERATE_SWIFT_ASSET_SYMBOL_EXTENSIONS = YES;
				CLANG_ANALYZER_NONNULL = YES;
				CLANG_ANALYZER_NUMBER_OBJECT_CONVERSION = YES_AGGRESSIVE;
				CLANG_CXX_LANGUAGE_STANDARD = "gnu++20";
				CLANG_ENABLE_MODULES = YES;
				CLANG_ENABLE_OBJC_ARC = YES;
				CLANG_ENABLE_OBJC_WEAK = YES;
				CLANG_WARN_BLOCK_CAPTURE_AUTORELEASING = YES;
				CLANG_WARN_BOOL_CONVERSION = YES;
				CLANG_WARN_COMMA = YES;
				CLANG_WARN_CONSTANT_CONVERSION = YES;
				CLANG_WARN_DEPRECATED_OBJC_IMPLEMENTATIONS = YES;
				CLANG_WARN_DIRECT_OBJC_ISA_USAGE = YES_ERROR;
				CLANG_WARN_DOCUMENTATION_COMMENTS = YES;
				CLANG_WARN_EMPTY_BODY = YES;
				CLANG_WARN_ENUM_CONVERSION = YES;
				CLANG_WARN_INFINITE_RECURSION = YES;
				CLANG_WARN_INT_CONVERSION = YES;
				CLANG_WARN_NON_LITERAL_NULL_CONVERSION = YES;
				CLANG_WARN_OBJC_IMPLICIT_RETAIN_SELF = YES;
				CLANG_WARN_OBJC_LITERAL_CONVERSION = YES;
				CLANG_WARN_OBJC_ROOT_CLASS = YES_ERROR;
				CLANG_WARN_QUOTED_INCLUDE_IN_FRAMEWORK_HEADER = YES;
				CLANG_WARN_RANGE_LOOP_ANALYSIS = YES;
				CLANG_WARN_STRICT_PROTOTYPES = YES;
				CLANG_WARN_SUSPICIOUS_MOVE = YES;
				CLANG_WARN_UNGUARDED_AVAILABILITY = YES_AGGRESSIVE;
				CLANG_WARN_UNREACHABLE_CODE = YES;
				CLANG_WARN__DUPLICATE_METHOD_MATCH = YES;
				COPY_PHASE_STRIP = NO;
				DEBUG_INFORMATION_FORMAT = "dwarf-with-dsym";
				ENABLE_NS_ASSERTIONS = NO;
				ENABLE_STRICT_OBJC_MSGSEND = YES;
				ENABLE_USER_SCRIPT_SANDBOXING = YES;
				GCC_C_LANGUAGE_STANDARD = gnu17;
				GCC_NO_COMMON_BLOCKS = YES;
				GCC_WARN_64_TO_32_BIT_CONVERSION = YES;
				GCC_WARN_ABOUT_RETURN_TYPE = YES_ERROR;
				GCC_WARN_UNDECLARED_SELECTOR = YES;
				GCC_WARN_UNINITIALIZED_AUTOS = YES_AGGRESSIVE;
				GCC_WARN_UNUSED_FUNCTION = YES;
				GCC_WARN_UNUSED_VARIABLE = YES;
				IPHONEOS_DEPLOYMENT_TARGET = 17.4;
				LOCALIZATION_PREFERS_STRING_CATALOGS = YES;
				MTL_ENABLE_DEBUG_INFO = NO;
				MTL_FAST_MATH = YES;
				SDKROOT = iphoneos;
				SWIFT_COMPILATION_MODE = wholemodule;
				VALIDATE_PRODUCT = YES;
			};
			name = Release;
		};
		7BDAF3912BC0111E002676A0 /* Debug */ = {
			isa = XCBuildConfiguration;
			buildSettings = {
				ASSETCATALOG_COMPILER_APPICON_NAME = AppIcon;
				ASSETCATALOG_COMPILER_GLOBAL_ACCENT_COLOR_NAME = AccentColor;
				CODE_SIGN_STYLE = Automatic;
				CURRENT_PROJECT_VERSION = 1;
				DEVELOPMENT_TEAM = H25F4B7J4U;
				GENERATE_INFOPLIST_FILE = YES;
				INFOPLIST_FILE = ITunesApp/Info.plist;
				INFOPLIST_KEY_UIApplicationSupportsIndirectInputEvents = YES;
				INFOPLIST_KEY_UILaunchStoryboardName = LaunchScreen;
				INFOPLIST_KEY_UISupportedInterfaceOrientations_iPad = "UIInterfaceOrientationPortrait UIInterfaceOrientationPortraitUpsideDown UIInterfaceOrientationLandscapeLeft UIInterfaceOrientationLandscapeRight";
				INFOPLIST_KEY_UISupportedInterfaceOrientations_iPhone = "UIInterfaceOrientationPortrait UIInterfaceOrientationLandscapeLeft UIInterfaceOrientationLandscapeRight";
				IPHONEOS_DEPLOYMENT_TARGET = 17.0;
				LD_RUNPATH_SEARCH_PATHS = (
					"$(inherited)",
					"@executable_path/Frameworks",
				);
				MARKETING_VERSION = 1.0;
				PRODUCT_BUNDLE_IDENTIFIER = com.SilverGun.ITunesApp;
				PRODUCT_NAME = "$(TARGET_NAME)";
				SUPPORTED_PLATFORMS = "iphoneos iphonesimulator";
				SUPPORTS_MACCATALYST = NO;
				SUPPORTS_MAC_DESIGNED_FOR_IPHONE_IPAD = NO;
				SUPPORTS_XR_DESIGNED_FOR_IPHONE_IPAD = NO;
				SWIFT_EMIT_LOC_STRINGS = YES;
				SWIFT_VERSION = 5.0;
				TARGETED_DEVICE_FAMILY = 1;
			};
			name = Debug;
		};
		7BDAF3922BC0111E002676A0 /* Release */ = {
			isa = XCBuildConfiguration;
			buildSettings = {
				ASSETCATALOG_COMPILER_APPICON_NAME = AppIcon;
				ASSETCATALOG_COMPILER_GLOBAL_ACCENT_COLOR_NAME = AccentColor;
				CODE_SIGN_STYLE = Automatic;
				CURRENT_PROJECT_VERSION = 1;
				DEVELOPMENT_TEAM = H25F4B7J4U;
				GENERATE_INFOPLIST_FILE = YES;
				INFOPLIST_FILE = ITunesApp/Info.plist;
				INFOPLIST_KEY_UIApplicationSupportsIndirectInputEvents = YES;
				INFOPLIST_KEY_UILaunchStoryboardName = LaunchScreen;
				INFOPLIST_KEY_UISupportedInterfaceOrientations_iPad = "UIInterfaceOrientationPortrait UIInterfaceOrientationPortraitUpsideDown UIInterfaceOrientationLandscapeLeft UIInterfaceOrientationLandscapeRight";
				INFOPLIST_KEY_UISupportedInterfaceOrientations_iPhone = "UIInterfaceOrientationPortrait UIInterfaceOrientationLandscapeLeft UIInterfaceOrientationLandscapeRight";
				IPHONEOS_DEPLOYMENT_TARGET = 17.0;
				LD_RUNPATH_SEARCH_PATHS = (
					"$(inherited)",
					"@executable_path/Frameworks",
				);
				MARKETING_VERSION = 1.0;
				PRODUCT_BUNDLE_IDENTIFIER = com.SilverGun.ITunesApp;
				PRODUCT_NAME = "$(TARGET_NAME)";
				SUPPORTED_PLATFORMS = "iphoneos iphonesimulator";
				SUPPORTS_MACCATALYST = NO;
				SUPPORTS_MAC_DESIGNED_FOR_IPHONE_IPAD = NO;
				SUPPORTS_XR_DESIGNED_FOR_IPHONE_IPAD = NO;
				SWIFT_EMIT_LOC_STRINGS = YES;
				SWIFT_VERSION = 5.0;
				TARGETED_DEVICE_FAMILY = 1;
			};
			name = Release;
		};
/* End XCBuildConfiguration section */

/* Begin XCConfigurationList section */
		7BDAF3772BC0111D002676A0 /* Build configuration list for PBXProject "ITunesApp" */ = {
			isa = XCConfigurationList;
			buildConfigurations = (
				7BDAF38E2BC0111E002676A0 /* Debug */,
				7BDAF38F2BC0111E002676A0 /* Release */,
			);
			defaultConfigurationIsVisible = 0;
			defaultConfigurationName = Release;
		};
		7BDAF3902BC0111E002676A0 /* Build configuration list for PBXNativeTarget "ITunesApp" */ = {
			isa = XCConfigurationList;
			buildConfigurations = (
				7BDAF3912BC0111E002676A0 /* Debug */,
				7BDAF3922BC0111E002676A0 /* Release */,
			);
			defaultConfigurationIsVisible = 0;
			defaultConfigurationName = Release;
		};
/* End XCConfigurationList section */

/* Begin XCRemoteSwiftPackageReference section */
		7BDAF39C2BC015A0002676A0 /* XCRemoteSwiftPackageReference "RxSwift" */ = {
			isa = XCRemoteSwiftPackageReference;
			repositoryURL = "https://github.com/ReactiveX/RxSwift";
			requirement = {
				kind = upToNextMajorVersion;
				minimumVersion = 6.6.0;
			};
		};
		7BDAF3A32BC015B6002676A0 /* XCRemoteSwiftPackageReference "Alamofire" */ = {
			isa = XCRemoteSwiftPackageReference;
			repositoryURL = "https://github.com/Alamofire/Alamofire.git";
			requirement = {
				kind = upToNextMajorVersion;
				minimumVersion = 5.9.1;
			};
		};
		7BDAF3A62BC015C2002676A0 /* XCRemoteSwiftPackageReference "SnapKit" */ = {
			isa = XCRemoteSwiftPackageReference;
			repositoryURL = "https://github.com/SnapKit/SnapKit.git";
			requirement = {
				kind = upToNextMajorVersion;
				minimumVersion = 5.7.1;
			};
		};
		7BDAF3A92BC015D2002676A0 /* XCRemoteSwiftPackageReference "Then" */ = {
			isa = XCRemoteSwiftPackageReference;
			repositoryURL = "https://github.com/devxoul/Then";
			requirement = {
				kind = upToNextMajorVersion;
				minimumVersion = 3.0.0;
			};
		};
		7BDAF3AC2BC015DE002676A0 /* XCRemoteSwiftPackageReference "Kingfisher" */ = {
			isa = XCRemoteSwiftPackageReference;
			repositoryURL = "https://github.com/onevcat/Kingfisher.git";
			requirement = {
				kind = upToNextMajorVersion;
				minimumVersion = 7.11.0;
			};
		};
/* End XCRemoteSwiftPackageReference section */

/* Begin XCSwiftPackageProductDependency section */
		7BDAF39D2BC015A0002676A0 /* RxCocoa */ = {
			isa = XCSwiftPackageProductDependency;
			package = 7BDAF39C2BC015A0002676A0 /* XCRemoteSwiftPackageReference "RxSwift" */;
			productName = RxCocoa;
		};
		7BDAF39F2BC015A0002676A0 /* RxRelay */ = {
			isa = XCSwiftPackageProductDependency;
			package = 7BDAF39C2BC015A0002676A0 /* XCRemoteSwiftPackageReference "RxSwift" */;
			productName = RxRelay;
		};
		7BDAF3A12BC015A0002676A0 /* RxSwift */ = {
			isa = XCSwiftPackageProductDependency;
			package = 7BDAF39C2BC015A0002676A0 /* XCRemoteSwiftPackageReference "RxSwift" */;
			productName = RxSwift;
		};
		7BDAF3A42BC015B6002676A0 /* Alamofire */ = {
			isa = XCSwiftPackageProductDependency;
			package = 7BDAF3A32BC015B6002676A0 /* XCRemoteSwiftPackageReference "Alamofire" */;
			productName = Alamofire;
		};
		7BDAF3A72BC015C2002676A0 /* SnapKit */ = {
			isa = XCSwiftPackageProductDependency;
			package = 7BDAF3A62BC015C2002676A0 /* XCRemoteSwiftPackageReference "SnapKit" */;
			productName = SnapKit;
		};
		7BDAF3AA2BC015D2002676A0 /* Then */ = {
			isa = XCSwiftPackageProductDependency;
			package = 7BDAF3A92BC015D2002676A0 /* XCRemoteSwiftPackageReference "Then" */;
			productName = Then;
		};
		7BDAF3AD2BC015DE002676A0 /* Kingfisher */ = {
			isa = XCSwiftPackageProductDependency;
			package = 7BDAF3AC2BC015DE002676A0 /* XCRemoteSwiftPackageReference "Kingfisher" */;
			productName = Kingfisher;
		};
/* End XCSwiftPackageProductDependency section */
	};
	rootObject = 7BDAF3742BC0111D002676A0 /* Project object */;
}
